
Microsoft Visual Studio Solution File, Format Version 12.00
# Visual Studio Version 16
VisualStudioVersion = 16.0.29709.97
MinimumVisualStudioVersion = 10.0.40219.1
Project("{2150E333-8FDC-42A3-9474-1A3956D46DE8}") = "ApplicationServices", "ApplicationServices", "{5C96A6CB-91E5-47D3-95E5-27E7006337DE}"
EndProject
Project("{2150E333-8FDC-42A3-9474-1A3956D46DE8}") = "Core", "Core", "{6BFC0D26-AC94-4292-ACFB-895EBBBDE302}"
EndProject
Project("{9A19103F-16F7-4668-BE54-9A1E7A4F7556}") = "IngSystem.AuthCore", "IngSystem.AuthCore\IngSystem.AuthCore.csproj", "{EB4F980C-1E2C-4D9F-90AA-08699917218A}"
EndProject
Project("{9A19103F-16F7-4668-BE54-9A1E7A4F7556}") = "IngSystem.Api", "IngSystem.Api\IngSystem.Api.csproj", "{6FB5892C-7557-49C3-9B13-B13801D9FA8C}"
EndProject
Global
	GlobalSection(SolutionConfigurationPlatforms) = preSolution
		Debug|Any CPU = Debug|Any CPU
		Release|Any CPU = Release|Any CPU
	EndGlobalSection
	GlobalSection(ProjectConfigurationPlatforms) = postSolution
		{EB4F980C-1E2C-4D9F-90AA-08699917218A}.Debug|Any CPU.ActiveCfg = Debug|Any CPU
		{EB4F980C-1E2C-4D9F-90AA-08699917218A}.Debug|Any CPU.Build.0 = Debug|Any CPU
		{EB4F980C-1E2C-4D9F-90AA-08699917218A}.Release|Any CPU.ActiveCfg = Release|Any CPU
		{EB4F980C-1E2C-4D9F-90AA-08699917218A}.Release|Any CPU.Build.0 = Release|Any CPU
		{6FB5892C-7557-49C3-9B13-B13801D9FA8C}.Debug|Any CPU.ActiveCfg = Debug|Any CPU
		{6FB5892C-7557-49C3-9B13-B13801D9FA8C}.Debug|Any CPU.Build.0 = Debug|Any CPU
		{6FB5892C-7557-49C3-9B13-B13801D9FA8C}.Release|Any CPU.ActiveCfg = Release|Any CPU
		{6FB5892C-7557-49C3-9B13-B13801D9FA8C}.Release|Any CPU.Build.0 = Release|Any CPU
	EndGlobalSection
	GlobalSection(SolutionProperties) = preSolution
		HideSolutionNode = FALSE
	EndGlobalSection
	GlobalSection(NestedProjects) = preSolution
		{EB4F980C-1E2C-4D9F-90AA-08699917218A} = {6BFC0D26-AC94-4292-ACFB-895EBBBDE302}
		{6FB5892C-7557-49C3-9B13-B13801D9FA8C} = {5C96A6CB-91E5-47D3-95E5-27E7006337DE}
	EndGlobalSection
	GlobalSection(ExtensibilityGlobals) = postSolution
		SolutionGuid = {4877491E-1EAF-4BF2-BC62-E7CFDF1FBB0F}
	EndGlobalSection
EndGlobal
